{
  "version": 4,
  "terraform_version": "1.2.6",
  "serial": 7,
  "lineage": "f9cc64c8-4eb5-772c-4d82-72f406938087",
  "outputs": {},
  "resources": [
    {
      "mode": "managed",
      "type": "azurerm_app_service_plan",
      "name": "appplan",
      "provider": "provider[\"registry.terraform.io/hashicorp/azurerm\"]",
      "instances": [
        {
          "schema_version": 0,
          "attributes": {
            "app_service_environment_id": "",
            "id": "/subscriptions/3a9b1e9e-8855-4902-85c2-796fad81d838/resourceGroups/resume-api/providers/Microsoft.Web/serverfarms/resumeplan",
            "is_xenon": false,
            "kind": "functionapp",
            "location": "centralindia",
            "maximum_elastic_worker_count": 1,
            "maximum_number_of_workers": 0,
            "name": "resumeplan",
            "per_site_scaling": false,
            "reserved": true,
            "resource_group_name": "resume-api",
            "sku": [
              {
                "capacity": 0,
                "size": "Y1",
                "tier": "Dynamic"
              }
            ],
            "tags": null,
            "timeouts": null,
            "zone_redundant": false
          },
          "sensitive_attributes": [],
          "private": "eyJlMmJmYjczMC1lY2FhLTExZTYtOGY4OC0zNDM2M2JjN2M0YzAiOnsiY3JlYXRlIjozNjAwMDAwMDAwMDAwLCJkZWxldGUiOjM2MDAwMDAwMDAwMDAsInJlYWQiOjMwMDAwMDAwMDAwMCwidXBkYXRlIjozNjAwMDAwMDAwMDAwfX0=",
          "dependencies": [
            "azurerm_resource_group.resume-api"
          ]
        }
      ]
    },
    {
      "mode": "managed",
      "type": "azurerm_function_app",
      "name": "resumefa",
      "provider": "provider[\"registry.terraform.io/hashicorp/azurerm\"]",
      "instances": [
        {
          "schema_version": 0,
          "attributes": {
            "app_service_plan_id": "/subscriptions/3a9b1e9e-8855-4902-85c2-796fad81d838/resourceGroups/resume-api/providers/Microsoft.Web/serverfarms/resumeplan",
            "app_settings": {
              "FUNCTION_WORKER_RUNTIME": "python"
            },
            "auth_settings": [
              {
                "active_directory": [],
                "additional_login_params": {},
                "allowed_external_redirect_urls": [],
                "default_provider": "",
                "enabled": false,
                "facebook": [],
                "google": [],
                "issuer": "",
                "microsoft": [],
                "runtime_version": "",
                "token_refresh_extension_hours": 0,
                "token_store_enabled": false,
                "twitter": [],
                "unauthenticated_client_action": ""
              }
            ],
            "client_cert_mode": "",
            "connection_string": [],
            "custom_domain_verification_id": "19B819DC036E95C8AC201BD3E71C76FDC2C919476F03A295B74E620DC19D6515",
            "daily_memory_time_quota": 0,
            "default_hostname": "resume-app.azurewebsites.net",
            "enable_builtin_logging": true,
            "enabled": true,
            "https_only": false,
            "id": "/subscriptions/3a9b1e9e-8855-4902-85c2-796fad81d838/resourceGroups/resume-api/providers/Microsoft.Web/sites/resume-app",
            "identity": [],
            "key_vault_reference_identity_id": "SystemAssigned",
            "kind": "functionapp,linux",
            "location": "centralindia",
            "name": "resume-app",
            "os_type": "linux",
            "outbound_ip_addresses": "52.172.195.80,52.172.197.124,52.172.204.47,52.172.198.32,52.172.208.112",
            "possible_outbound_ip_addresses": "52.172.195.80,52.172.197.124,52.172.204.47,52.172.198.32,52.172.208.112,13.71.21.87,13.71.30.16",
            "resource_group_name": "resume-api",
            "site_config": [
              {
                "always_on": false,
                "app_scale_limit": 0,
                "auto_swap_slot_name": "",
                "cors": [
                  {
                    "allowed_origins": [],
                    "support_credentials": false
                  }
                ],
                "dotnet_framework_version": "v4.0",
                "elastic_instance_minimum": 0,
                "ftps_state": "AllAllowed",
                "health_check_path": "",
                "http2_enabled": false,
                "ip_restriction": [],
                "java_version": "",
                "linux_fx_version": "python|3.9",
                "min_tls_version": "1.2",
                "pre_warmed_instance_count": 0,
                "runtime_scale_monitoring_enabled": false,
                "scm_ip_restriction": [],
                "scm_type": "None",
                "scm_use_main_ip_restriction": false,
                "use_32_bit_worker_process": true,
                "vnet_route_all_enabled": false,
                "websockets_enabled": false
              }
            ],
            "site_credential": [
              {
                "password": "EZc1p84t2rSnKQpKnCfL9hW9fyR6EiXcjpuv9aeeaRgtx0xvjdGo01eurxmP",
                "username": "$resume-app"
              }
            ],
            "source_control": [
              {
                "branch": "main",
                "manual_integration": false,
                "repo_url": "",
                "rollback_enabled": false,
                "use_mercurial": false
              }
            ],
            "storage_account_access_key": "di9zdfPEL8fc4PtquiTT3Yhp5ZpAlpw7Bq1rKM+qNkhVZIz/5H0Hm8C9Mqtnysqxj6Vi1eU8jpGE+AStOcOwHw==",
            "storage_account_name": "reusmestorage",
            "tags": null,
            "timeouts": null,
            "version": "~4"
          },
          "sensitive_attributes": [
            [
              {
                "type": "get_attr",
                "value": "storage_account_access_key"
              }
            ]
          ],
          "private": "eyJlMmJmYjczMC1lY2FhLTExZTYtOGY4OC0zNDM2M2JjN2M0YzAiOnsiY3JlYXRlIjoxODAwMDAwMDAwMDAwLCJkZWxldGUiOjE4MDAwMDAwMDAwMDAsInJlYWQiOjMwMDAwMDAwMDAwMCwidXBkYXRlIjoxODAwMDAwMDAwMDAwfX0=",
          "dependencies": [
            "azurerm_app_service_plan.appplan",
            "azurerm_resource_group.resume-api",
            "azurerm_storage_account.resumestor"
          ]
        }
      ]
    },
    {
      "mode": "managed",
      "type": "azurerm_resource_group",
      "name": "resume-api",
      "provider": "provider[\"registry.terraform.io/hashicorp/azurerm\"]",
      "instances": [
        {
          "schema_version": 0,
          "attributes": {
            "id": "/subscriptions/3a9b1e9e-8855-4902-85c2-796fad81d838/resourceGroups/resume-api",
            "location": "centralindia",
            "name": "resume-api",
            "tags": {},
            "timeouts": null
          },
          "sensitive_attributes": [],
          "private": "eyJlMmJmYjczMC1lY2FhLTExZTYtOGY4OC0zNDM2M2JjN2M0YzAiOnsiY3JlYXRlIjo1NDAwMDAwMDAwMDAwLCJkZWxldGUiOjU0MDAwMDAwMDAwMDAsInJlYWQiOjMwMDAwMDAwMDAwMCwidXBkYXRlIjo1NDAwMDAwMDAwMDAwfX0="
        }
      ]
    },
    {
      "mode": "managed",
      "type": "azurerm_storage_account",
      "name": "resumestor",
      "provider": "provider[\"registry.terraform.io/hashicorp/azurerm\"]",
      "instances": [
        {
          "schema_version": 3,
          "attributes": {
            "access_tier": "Hot",
            "account_kind": "StorageV2",
            "account_replication_type": "LRS",
            "account_tier": "Standard",
            "allow_nested_items_to_be_public": true,
            "azure_files_authentication": [],
            "blob_properties": [
              {
                "change_feed_enabled": false,
                "container_delete_retention_policy": [],
                "cors_rule": [],
                "default_service_version": "",
                "delete_retention_policy": [],
                "last_access_time_enabled": false,
                "versioning_enabled": false
              }
            ],
            "custom_domain": [],
            "customer_managed_key": [],
            "edge_zone": "",
            "enable_https_traffic_only": true,
            "id": "/subscriptions/3a9b1e9e-8855-4902-85c2-796fad81d838/resourceGroups/resume-api/providers/Microsoft.Storage/storageAccounts/reusmestorage",
            "identity": [],
            "infrastructure_encryption_enabled": false,
            "is_hns_enabled": false,
            "large_file_share_enabled": null,
            "location": "centralindia",
            "min_tls_version": "TLS1_2",
            "name": "reusmestorage",
            "network_rules": [
              {
                "bypass": [
                  "AzureServices"
                ],
                "default_action": "Allow",
                "ip_rules": [],
                "private_link_access": [],
                "virtual_network_subnet_ids": []
              }
            ],
            "nfsv3_enabled": false,
            "primary_access_key": "di9zdfPEL8fc4PtquiTT3Yhp5ZpAlpw7Bq1rKM+qNkhVZIz/5H0Hm8C9Mqtnysqxj6Vi1eU8jpGE+AStOcOwHw==",
            "primary_blob_connection_string": "DefaultEndpointsProtocol=https;BlobEndpoint=https://reusmestorage.blob.core.windows.net/;AccountName=reusmestorage;AccountKey=di9zdfPEL8fc4PtquiTT3Yhp5ZpAlpw7Bq1rKM+qNkhVZIz/5H0Hm8C9Mqtnysqxj6Vi1eU8jpGE+AStOcOwHw==",
            "primary_blob_endpoint": "https://reusmestorage.blob.core.windows.net/",
            "primary_blob_host": "reusmestorage.blob.core.windows.net",
            "primary_connection_string": "DefaultEndpointsProtocol=https;AccountName=reusmestorage;AccountKey=di9zdfPEL8fc4PtquiTT3Yhp5ZpAlpw7Bq1rKM+qNkhVZIz/5H0Hm8C9Mqtnysqxj6Vi1eU8jpGE+AStOcOwHw==;EndpointSuffix=core.windows.net",
            "primary_dfs_endpoint": "https://reusmestorage.dfs.core.windows.net/",
            "primary_dfs_host": "reusmestorage.dfs.core.windows.net",
            "primary_file_endpoint": "https://reusmestorage.file.core.windows.net/",
            "primary_file_host": "reusmestorage.file.core.windows.net",
            "primary_location": "centralindia",
            "primary_queue_endpoint": "https://reusmestorage.queue.core.windows.net/",
            "primary_queue_host": "reusmestorage.queue.core.windows.net",
            "primary_table_endpoint": "https://reusmestorage.table.core.windows.net/",
            "primary_table_host": "reusmestorage.table.core.windows.net",
            "primary_web_endpoint": "https://reusmestorage.z29.web.core.windows.net/",
            "primary_web_host": "reusmestorage.z29.web.core.windows.net",
            "queue_encryption_key_type": "Service",
            "queue_properties": [
              {
                "cors_rule": [],
                "hour_metrics": [
                  {
                    "enabled": true,
                    "include_apis": true,
                    "retention_policy_days": 7,
                    "version": "1.0"
                  }
                ],
                "logging": [
                  {
                    "delete": false,
                    "read": false,
                    "retention_policy_days": 0,
                    "version": "1.0",
                    "write": false
                  }
                ],
                "minute_metrics": [
                  {
                    "enabled": false,
                    "include_apis": false,
                    "retention_policy_days": 0,
                    "version": "1.0"
                  }
                ]
              }
            ],
            "resource_group_name": "resume-api",
            "routing": [],
            "secondary_access_key": "gcKwmV322iRkHXyx6YOntFqyvMIA/TV90YuUMrnPshiVDzwXzFcs+90vrPOILHA+5jnj2TkB2Ha1+ASthHUmrQ==",
            "secondary_blob_connection_string": "",
            "secondary_blob_endpoint": null,
            "secondary_blob_host": null,
            "secondary_connection_string": "DefaultEndpointsProtocol=https;AccountName=reusmestorage;AccountKey=gcKwmV322iRkHXyx6YOntFqyvMIA/TV90YuUMrnPshiVDzwXzFcs+90vrPOILHA+5jnj2TkB2Ha1+ASthHUmrQ==;EndpointSuffix=core.windows.net",
            "secondary_dfs_endpoint": null,
            "secondary_dfs_host": null,
            "secondary_file_endpoint": null,
            "secondary_file_host": null,
            "secondary_location": "",
            "secondary_queue_endpoint": null,
            "secondary_queue_host": null,
            "secondary_table_endpoint": null,
            "secondary_table_host": null,
            "secondary_web_endpoint": null,
            "secondary_web_host": null,
            "share_properties": [
              {
                "cors_rule": [],
                "retention_policy": [
                  {
                    "days": 7
                  }
                ],
                "smb": []
              }
            ],
            "shared_access_key_enabled": true,
            "static_website": [],
            "table_encryption_key_type": "Service",
            "tags": {},
            "timeouts": null
          },
          "sensitive_attributes": [],
          "private": "eyJlMmJmYjczMC1lY2FhLTExZTYtOGY4OC0zNDM2M2JjN2M0YzAiOnsiY3JlYXRlIjozNjAwMDAwMDAwMDAwLCJkZWxldGUiOjM2MDAwMDAwMDAwMDAsInJlYWQiOjMwMDAwMDAwMDAwMCwidXBkYXRlIjozNjAwMDAwMDAwMDAwfSwic2NoZW1hX3ZlcnNpb24iOiIzIn0=",
          "dependencies": [
            "azurerm_resource_group.resume-api"
          ]
        }
      ]
    },
    {
      "mode": "managed",
      "type": "azurerm_storage_container",
      "name": "resume",
      "provider": "provider[\"registry.terraform.io/hashicorp/azurerm\"]",
      "instances": [
        {
          "schema_version": 1,
          "attributes": {
            "container_access_type": "private",
            "has_immutability_policy": false,
            "has_legal_hold": false,
            "id": "https://reusmestorage.blob.core.windows.net/resume",
            "metadata": {},
            "name": "resume",
            "resource_manager_id": "/subscriptions/3a9b1e9e-8855-4902-85c2-796fad81d838/resourceGroups/resume-api/providers/Microsoft.Storage/storageAccounts/reusmestorage/blobServices/default/containers/resume",
            "storage_account_name": "reusmestorage",
            "timeouts": null
          },
          "sensitive_attributes": [],
          "private": "eyJlMmJmYjczMC1lY2FhLTExZTYtOGY4OC0zNDM2M2JjN2M0YzAiOnsiY3JlYXRlIjoxODAwMDAwMDAwMDAwLCJkZWxldGUiOjE4MDAwMDAwMDAwMDAsInJlYWQiOjMwMDAwMDAwMDAwMCwidXBkYXRlIjoxODAwMDAwMDAwMDAwfSwic2NoZW1hX3ZlcnNpb24iOiIxIn0=",
          "dependencies": [
            "azurerm_resource_group.resume-api",
            "azurerm_storage_account.resumestor"
          ]
        }
      ]
    }
  ]
}
